
Microsoft Visual Studio Solution File, Format Version 12.00
# Visual Studio Version 17
VisualStudioVersion = 17.5.33530.505
MinimumVisualStudioVersion = 10.0.40219.1
Project("{FAE04EC0-301F-11D3-BF4B-00C04F79EFBC}") = "ProjectDemo", "ProjectDemo\ProjectDemo.csproj", "{01947D7B-D1CE-4EC1-AB30-2326BEEA555B}"
EndProject
Global
	GlobalSection(SolutionConfigurationPlatforms) = preSolution
		Debug|Any CPU = Debug|Any CPU
		Release|Any CPU = Release|Any CPU
	EndGlobalSection
	GlobalSection(ProjectConfigurationPlatforms) = postSolution
		{01947D7B-D1CE-4EC1-AB30-2326BEEA555B}.Debug|Any CPU.ActiveCfg = Debug|Any CPU
		{01947D7B-D1CE-4EC1-AB30-2326BEEA555B}.Debug|Any CPU.Build.0 = Debug|Any CPU
		{01947D7B-D1CE-4EC1-AB30-2326BEEA555B}.Release|Any CPU.ActiveCfg = Release|Any CPU
		{01947D7B-D1CE-4EC1-AB30-2326BEEA555B}.Release|Any CPU.Build.0 = Release|Any CPU
	EndGlobalSection
	GlobalSection(SolutionProperties) = preSolution
		HideSolutionNode = FALSE
	EndGlobalSection
	GlobalSection(ExtensibilityGlobals) = postSolution
		SolutionGuid = {91CCF28E-4A28-4373-8AA2-0A54CDCBEED7}
	EndGlobalSection
EndGlobal
